
Microsoft Visual Studio Solution File, Format Version 12.00
# Visual Studio Version 17
VisualStudioVersion = 17.7.34018.315
MinimumVisualStudioVersion = 10.0.40219.1
Project("{9A19103F-16F7-4668-BE54-9A1E7A4F7556}") = "ImageManagement", ".\ImageManagement\ImageManagement.csproj", "{AAAF56E7-D647-4161-8358-BF184F84A26A}"
EndProject
Project("{FAE04EC0-301F-11D3-BF4B-00C04F79EFBC}") = "ImageManagement.Tests", ".\ImageManagement.Tests\ImageManagement.Tests.csproj", "{74F09C87-1C23-41DE-96CD-2E269EF5521F}"
EndProject
Global
	GlobalSection(SolutionConfigurationPlatforms) = preSolution
		Debug|Any CPU = Debug|Any CPU
		Release|Any CPU = Release|Any CPU
	EndGlobalSection
	GlobalSection(ProjectConfigurationPlatforms) = postSolution
		{AAAF56E7-D647-4161-8358-BF184F84A26A}.Debug|Any CPU.ActiveCfg = Debug|Any CPU
		{AAAF56E7-D647-4161-8358-BF184F84A26A}.Debug|Any CPU.Build.0 = Debug|Any CPU
		{AAAF56E7-D647-4161-8358-BF184F84A26A}.Release|Any CPU.ActiveCfg = Release|Any CPU
		{AAAF56E7-D647-4161-8358-BF184F84A26A}.Release|Any CPU.Build.0 = Release|Any CPU
		{74F09C87-1C23-41DE-96CD-2E269EF5521F}.Debug|Any CPU.ActiveCfg = Debug|Any CPU
		{74F09C87-1C23-41DE-96CD-2E269EF5521F}.Debug|Any CPU.Build.0 = Debug|Any CPU
		{74F09C87-1C23-41DE-96CD-2E269EF5521F}.Release|Any CPU.ActiveCfg = Release|Any CPU
		{74F09C87-1C23-41DE-96CD-2E269EF5521F}.Release|Any CPU.Build.0 = Release|Any CPU
	EndGlobalSection
	GlobalSection(SolutionProperties) = preSolution
		HideSolutionNode = FALSE
	EndGlobalSection
	GlobalSection(ExtensibilityGlobals) = postSolution
		SolutionGuid = {CEC63C8A-39B6-4C8F-901B-9068F9B97086}
	EndGlobalSection
EndGlobal
